
Microsoft Visual Studio Solution File, Format Version 12.00
# Visual Studio Version 17
VisualStudioVersion = 17.8.34601.278
MinimumVisualStudioVersion = 10.0.40219.1
Project("{9A19103F-16F7-4668-BE54-9A1E7A4F7556}") = "NET.Dapr.LeaveRequest", "NET.Dapr\NET.Dapr.LeaveRequest.csproj", "{77CF8B6C-5BF0-4590-8C94-490402A3542D}"
EndProject
Project("{9A19103F-16F7-4668-BE54-9A1E7A4F7556}") = "NET.Dapr.Domains", "NET.Dapr.Domains\NET.Dapr.Domains.csproj", "{4E941E65-7AFF-4F03-884C-C18774C58F22}"
EndProject
Project("{9A19103F-16F7-4668-BE54-9A1E7A4F7556}") = "NET.Dapr.Infrastructures", "NET.Dapr.Infrastructures\NET.Dapr.Infrastructures.csproj", "{0E4F8EF6-11F6-4886-88AF-925FCFA9AA54}"
EndProject
Project("{9A19103F-16F7-4668-BE54-9A1E7A4F7556}") = "NET.Dapr.DbMigration", "NET.Dapr.DbMigration\NET.Dapr.DbMigration.csproj", "{6FDC359F-1963-4F4E-B042-98C067A01657}"
EndProject
Project("{2150E333-8FDC-42A3-9474-1A3956D46DE8}") = "DaprService", "DaprService", "{880066C8-BD93-45BB-BF74-8BA0AADCC7EE}"
EndProject
Global
	GlobalSection(SolutionConfigurationPlatforms) = preSolution
		Debug|Any CPU = Debug|Any CPU
		Release|Any CPU = Release|Any CPU
	EndGlobalSection
	GlobalSection(ProjectConfigurationPlatforms) = postSolution
		{77CF8B6C-5BF0-4590-8C94-490402A3542D}.Debug|Any CPU.ActiveCfg = Debug|Any CPU
		{77CF8B6C-5BF0-4590-8C94-490402A3542D}.Debug|Any CPU.Build.0 = Debug|Any CPU
		{77CF8B6C-5BF0-4590-8C94-490402A3542D}.Release|Any CPU.ActiveCfg = Release|Any CPU
		{77CF8B6C-5BF0-4590-8C94-490402A3542D}.Release|Any CPU.Build.0 = Release|Any CPU
		{4E941E65-7AFF-4F03-884C-C18774C58F22}.Debug|Any CPU.ActiveCfg = Debug|Any CPU
		{4E941E65-7AFF-4F03-884C-C18774C58F22}.Debug|Any CPU.Build.0 = Debug|Any CPU
		{4E941E65-7AFF-4F03-884C-C18774C58F22}.Release|Any CPU.ActiveCfg = Release|Any CPU
		{4E941E65-7AFF-4F03-884C-C18774C58F22}.Release|Any CPU.Build.0 = Release|Any CPU
		{0E4F8EF6-11F6-4886-88AF-925FCFA9AA54}.Debug|Any CPU.ActiveCfg = Debug|Any CPU
		{0E4F8EF6-11F6-4886-88AF-925FCFA9AA54}.Debug|Any CPU.Build.0 = Debug|Any CPU
		{0E4F8EF6-11F6-4886-88AF-925FCFA9AA54}.Release|Any CPU.ActiveCfg = Release|Any CPU
		{0E4F8EF6-11F6-4886-88AF-925FCFA9AA54}.Release|Any CPU.Build.0 = Release|Any CPU
		{6FDC359F-1963-4F4E-B042-98C067A01657}.Debug|Any CPU.ActiveCfg = Debug|Any CPU
		{6FDC359F-1963-4F4E-B042-98C067A01657}.Debug|Any CPU.Build.0 = Debug|Any CPU
		{6FDC359F-1963-4F4E-B042-98C067A01657}.Release|Any CPU.ActiveCfg = Release|Any CPU
		{6FDC359F-1963-4F4E-B042-98C067A01657}.Release|Any CPU.Build.0 = Release|Any CPU
	EndGlobalSection
	GlobalSection(SolutionProperties) = preSolution
		HideSolutionNode = FALSE
	EndGlobalSection
	GlobalSection(NestedProjects) = preSolution
		{77CF8B6C-5BF0-4590-8C94-490402A3542D} = {880066C8-BD93-45BB-BF74-8BA0AADCC7EE}
		{6FDC359F-1963-4F4E-B042-98C067A01657} = {880066C8-BD93-45BB-BF74-8BA0AADCC7EE}
	EndGlobalSection
	GlobalSection(ExtensibilityGlobals) = postSolution
		SolutionGuid = {C4CD8C74-938F-48A0-81B4-281C35559F0F}
	EndGlobalSection
EndGlobal
